{
  "originHash" : "72b666c842f7117ec649c4d1dd1b310cf6f2a819a0e59b4ad5cd97a3e913f6b1",
  "pins" : [
    {
      "identity" : "ffmpegbuild",
      "kind" : "remoteSourceControl",
      "location" : "https://github.com/superuser404notfound/FFmpegBuild",
      "state" : {
        "revision" : "9ee46ba4fb533e35efa6492eb1a903ca4f8058fc",
        "version" : "3.4.0"
      }
    },
    {
      "identity" : "libdovi",
      "kind" : "remoteSourceControl",
      "location" : "https://github.com/superuser404notfound/LibDovi",
      "state" : {
        "revision" : "0d7cce1d6836a30d13a3a2326e50a153af53f014",
        "version" : "2.1.0"
      }
    },
    {
      "identity" : "siloobjectaudio",
      "kind" : "remoteSourceControl",
      "location" : "https://github.com/Silo-Server/SiloObjectAudio",
      "state" : {
        "revision" : "645b91c072fafb60146151fd5127f8ff0ca38b6f",
        "version" : "1.0.0"
      }
    },
    {
      "identity" : "smbclient",
      "kind" : "remoteSourceControl",
      "location" : "https://github.com/kishikawakatsumi/SMBClient",
      "state" : {
        "revision" : "e636c2b2458930770932a36d311ec9d478575b90",
        "version" : "0.3.1"
      }
    }
  ],
  "version" : 3
}
